# @generated - this file is auto-generated by `mise lock` https://mise.jdx.dev/dev-tools/mise-lock.html

lockfile_version = 1

[[tools."github:sebastian-software/mdtheme"]]
version = "0.3.1"
backend = "github:sebastian-software/mdtheme"
specifiers = ["0.3.1"]

[tools."github:sebastian-software/mdtheme".options]
version_prefix = "mdtheme-v"

[tools."github:sebastian-software/mdtheme"."platforms.linux-arm64"]
checksum = "sha256:abe6670de433496b56e3dca0d31e264269ce6012fe7d77215dac04671c00a885"
url = "https://github.com/sebastian-software/mdtheme/releases/download/mdtheme-v0.3.1/mdtheme-aarch64-unknown-linux-gnu.tar.gz"
url_api = "https://api.github.com/repos/sebastian-software/mdtheme/releases/assets/556895153"

[tools."github:sebastian-software/mdtheme"."platforms.linux-x64"]
checksum = "sha256:988bcd7daa2afff5950a5f216f8727c0d613685d18841cd0d1e3c89d4c04ca77"
url = "https://github.com/sebastian-software/mdtheme/releases/download/mdtheme-v0.3.1/mdtheme-x86_64-unknown-linux-gnu.tar.gz"
url_api = "https://api.github.com/repos/sebastian-software/mdtheme/releases/assets/556895163"

[tools."github:sebastian-software/mdtheme"."platforms.macos-arm64"]
checksum = "sha256:1235ab165701f1eeef7927dc111f05228b9766577f681100aa0af6af75f553f4"
url = "https://github.com/sebastian-software/mdtheme/releases/download/mdtheme-v0.3.1/mdtheme-aarch64-apple-darwin.tar.gz"
url_api = "https://api.github.com/repos/sebastian-software/mdtheme/releases/assets/556895151"

[tools."github:sebastian-software/mdtheme"."platforms.macos-x64"]
checksum = "sha256:d68c82157de6a746264a2f5ca1924c90253742deecdc499cde3748254da60abf"
url = "https://github.com/sebastian-software/mdtheme/releases/download/mdtheme-v0.3.1/mdtheme-x86_64-apple-darwin.tar.gz"
url_api = "https://api.github.com/repos/sebastian-software/mdtheme/releases/assets/556895150"

[tools."github:sebastian-software/mdtheme"."platforms.windows-x64"]
checksum = "sha256:21d2f5a20567ba6357337f36af64522bd4a2d5a6f0cb8386fd744dbf8dedc9f8"
url = "https://github.com/sebastian-software/mdtheme/releases/download/mdtheme-v0.3.1/mdtheme-x86_64-pc-windows-msvc.tar.gz"
url_api = "https://api.github.com/repos/sebastian-software/mdtheme/releases/assets/556895162"
